
Microsoft Visual Studio Solution File, Format Version 12.00
# Visual Studio Version 17
VisualStudioVersion = 17.12.35728.132 d17.12
MinimumVisualStudioVersion = 10.0.40219.1
Project("{FAE04EC0-301F-11D3-BF4B-00C04F79EFBC}") = "REST_ActorReporsitory", "REST_ActorReporsitory\REST_ActorReporsitory.csproj", "{67AA8C00-03FF-451F-AF22-55066EB37AC8}"
EndProject
Project("{FAE04EC0-301F-11D3-BF4B-00C04F79EFBC}") = "UnitTest_ActorRepository", "UnitTest_ActorRepository\UnitTest_ActorRepository.csproj", "{D66CF95C-CE7C-4FA7-B23D-D09C8C3B3E1D}"
EndProject
Global
	GlobalSection(SolutionConfigurationPlatforms) = preSolution
		Debug|Any CPU = Debug|Any CPU
		Release|Any CPU = Release|Any CPU
	EndGlobalSection
	GlobalSection(ProjectConfigurationPlatforms) = postSolution
		{67AA8C00-03FF-451F-AF22-55066EB37AC8}.Debug|Any CPU.ActiveCfg = Debug|Any CPU
		{67AA8C00-03FF-451F-AF22-55066EB37AC8}.Debug|Any CPU.Build.0 = Debug|Any CPU
		{67AA8C00-03FF-451F-AF22-55066EB37AC8}.Release|Any CPU.ActiveCfg = Release|Any CPU
		{67AA8C00-03FF-451F-AF22-55066EB37AC8}.Release|Any CPU.Build.0 = Release|Any CPU
		{D66CF95C-CE7C-4FA7-B23D-D09C8C3B3E1D}.Debug|Any CPU.ActiveCfg = Debug|Any CPU
		{D66CF95C-CE7C-4FA7-B23D-D09C8C3B3E1D}.Debug|Any CPU.Build.0 = Debug|Any CPU
		{D66CF95C-CE7C-4FA7-B23D-D09C8C3B3E1D}.Release|Any CPU.ActiveCfg = Release|Any CPU
		{D66CF95C-CE7C-4FA7-B23D-D09C8C3B3E1D}.Release|Any CPU.Build.0 = Release|Any CPU
	EndGlobalSection
	GlobalSection(SolutionProperties) = preSolution
		HideSolutionNode = FALSE
	EndGlobalSection
EndGlobal
